# This file is automatically @generated by Cargo.
# It is not intended for manual editing.
version = 4

[[package]]
name = "charming-colorprofile"
version = "0.4.5"
dependencies = [
 "charming-x-ansi",
]

[[package]]
name = "charming-lipgloss"
version = "2.0.7"
dependencies = [
 "charming-colorprofile",
 "charming-ultraviolet",
 "charming-x-ansi",
 "libc",
 "unicode-segmentation",
 "unicode-width",
]

[[package]]
name = "charming-ultraviolet"
version = "0.0.0-20260813000000"
dependencies = [
 "charming-colorprofile",
 "charming-x-ansi",
 "libc",
 "unicode-segmentation",
 "unicode-width",
]

[[package]]
name = "charming-x-ansi"
version = "0.0.0-20260813000000"
dependencies = [
 "libc",
 "unicode-segmentation",
 "unicode-width",
]

[[package]]
name = "libc"
version = "0.2.189"
source = "registry+https://github.com/rust-lang/crates.io-index"
checksum = "3eaf3ede3fee6db1a4c2ee091bf8a8b4dccdc6d17f656fb07896ee72867612f2"

[[package]]
name = "unicode-segmentation"
version = "1.13.3"
source = "registry+https://github.com/rust-lang/crates.io-index"
checksum = "c6f5d3c3b1bf09027a88a6bc961fc00497d651009560b5463668dc81b0fa87a8"

[[package]]
name = "unicode-width"
version = "0.1.14"
source = "registry+https://github.com/rust-lang/crates.io-index"
checksum = "7dd6e30e90baa6f72411720665d41d89b9a3d039dc45b8faea1ddd07f617f6af"
